
Microsoft Visual Studio Solution File, Format Version 12.00
# Visual Studio Version 16
VisualStudioVersion = 16.0.30711.63
MinimumVisualStudioVersion = 10.0.40219.1
Project("{FAE04EC0-301F-11D3-BF4B-00C04F79EFBC}") = "Assingment2", "Assingment2\Assingment2.csproj", "{687054A3-744E-40CB-87A2-7554520A9F80}"
EndProject
Global
	GlobalSection(SolutionConfigurationPlatforms) = preSolution
		Debug|Any CPU = Debug|Any CPU
		Release|Any CPU = Release|Any CPU
	EndGlobalSection
	GlobalSection(ProjectConfigurationPlatforms) = postSolution
		{687054A3-744E-40CB-87A2-7554520A9F80}.Debug|Any CPU.ActiveCfg = Debug|Any CPU
		{687054A3-744E-40CB-87A2-7554520A9F80}.Debug|Any CPU.Build.0 = Debug|Any CPU
		{687054A3-744E-40CB-87A2-7554520A9F80}.Release|Any CPU.ActiveCfg = Release|Any CPU
		{687054A3-744E-40CB-87A2-7554520A9F80}.Release|Any CPU.Build.0 = Release|Any CPU
	EndGlobalSection
	GlobalSection(SolutionProperties) = preSolution
		HideSolutionNode = FALSE
	EndGlobalSection
	GlobalSection(ExtensibilityGlobals) = postSolution
		SolutionGuid = {E8F2F0E5-7072-40AA-A3D2-F3DFC6F7B90F}
	EndGlobalSection
EndGlobal
